
Microsoft Visual Studio Solution File, Format Version 12.00
# Visual Studio Version 17
VisualStudioVersion = 17.5.33530.505
MinimumVisualStudioVersion = 10.0.40219.1
Project("{9A19103F-16F7-4668-BE54-9A1E7A4F7556}") = "LeetSpeak.Api", "LeetSpeakApi\LeetSpeak.Api.csproj", "{D617F3EC-D016-4391-A97D-4ACC0E11F1E3}"
EndProject
Project("{9A19103F-16F7-4668-BE54-9A1E7A4F7556}") = "LeetSpeak.Shared", "LeetSpeak.Shared\LeetSpeak.Shared.csproj", "{96A2F2FD-9833-4F37-8F87-4638D3708420}"
EndProject
Project("{9A19103F-16F7-4668-BE54-9A1E7A4F7556}") = "LeetSpeak.Business", "LeetSpeak.Business\LeetSpeak.Business.csproj", "{88A81D92-8950-4325-B7D3-AE0421D91625}"
EndProject
Project("{9A19103F-16F7-4668-BE54-9A1E7A4F7556}") = "LeetSpeak.Abstractions", "LeetSpeak.Abstractions\LeetSpeak.Abstractions.csproj", "{53232FC5-8FAB-4733-9470-5CC976326FA5}"
EndProject
Project("{9A19103F-16F7-4668-BE54-9A1E7A4F7556}") = "LeetSpeak.DataAccess", "LeetSpeak.DataAccess\LeetSpeak.DataAccess.csproj", "{551825B1-A8F7-4CC1-8D6B-67092B11B6DA}"
EndProject
Project("{9A19103F-16F7-4668-BE54-9A1E7A4F7556}") = "LeetSpeak.UI", "LeetSpeak.UI\LeetSpeak.UI.csproj", "{BC41A80A-6915-4071-9CB3-4C7184267D0E}"
EndProject
Global
	GlobalSection(SolutionConfigurationPlatforms) = preSolution
		Debug|Any CPU = Debug|Any CPU
		Release|Any CPU = Release|Any CPU
	EndGlobalSection
	GlobalSection(ProjectConfigurationPlatforms) = postSolution
		{D617F3EC-D016-4391-A97D-4ACC0E11F1E3}.Debug|Any CPU.ActiveCfg = Debug|Any CPU
		{D617F3EC-D016-4391-A97D-4ACC0E11F1E3}.Debug|Any CPU.Build.0 = Debug|Any CPU
		{D617F3EC-D016-4391-A97D-4ACC0E11F1E3}.Release|Any CPU.ActiveCfg = Release|Any CPU
		{D617F3EC-D016-4391-A97D-4ACC0E11F1E3}.Release|Any CPU.Build.0 = Release|Any CPU
		{96A2F2FD-9833-4F37-8F87-4638D3708420}.Debug|Any CPU.ActiveCfg = Debug|Any CPU
		{96A2F2FD-9833-4F37-8F87-4638D3708420}.Debug|Any CPU.Build.0 = Debug|Any CPU
		{96A2F2FD-9833-4F37-8F87-4638D3708420}.Release|Any CPU.ActiveCfg = Release|Any CPU
		{96A2F2FD-9833-4F37-8F87-4638D3708420}.Release|Any CPU.Build.0 = Release|Any CPU
		{88A81D92-8950-4325-B7D3-AE0421D91625}.Debug|Any CPU.ActiveCfg = Debug|Any CPU
		{88A81D92-8950-4325-B7D3-AE0421D91625}.Debug|Any CPU.Build.0 = Debug|Any CPU
		{88A81D92-8950-4325-B7D3-AE0421D91625}.Release|Any CPU.ActiveCfg = Release|Any CPU
		{88A81D92-8950-4325-B7D3-AE0421D91625}.Release|Any CPU.Build.0 = Release|Any CPU
		{53232FC5-8FAB-4733-9470-5CC976326FA5}.Debug|Any CPU.ActiveCfg = Debug|Any CPU
		{53232FC5-8FAB-4733-9470-5CC976326FA5}.Debug|Any CPU.Build.0 = Debug|Any CPU
		{53232FC5-8FAB-4733-9470-5CC976326FA5}.Release|Any CPU.ActiveCfg = Release|Any CPU
		{53232FC5-8FAB-4733-9470-5CC976326FA5}.Release|Any CPU.Build.0 = Release|Any CPU
		{551825B1-A8F7-4CC1-8D6B-67092B11B6DA}.Debug|Any CPU.ActiveCfg = Debug|Any CPU
		{551825B1-A8F7-4CC1-8D6B-67092B11B6DA}.Debug|Any CPU.Build.0 = Debug|Any CPU
		{551825B1-A8F7-4CC1-8D6B-67092B11B6DA}.Release|Any CPU.ActiveCfg = Release|Any CPU
		{551825B1-A8F7-4CC1-8D6B-67092B11B6DA}.Release|Any CPU.Build.0 = Release|Any CPU
		{BC41A80A-6915-4071-9CB3-4C7184267D0E}.Debug|Any CPU.ActiveCfg = Debug|Any CPU
		{BC41A80A-6915-4071-9CB3-4C7184267D0E}.Debug|Any CPU.Build.0 = Debug|Any CPU
		{BC41A80A-6915-4071-9CB3-4C7184267D0E}.Release|Any CPU.ActiveCfg = Release|Any CPU
		{BC41A80A-6915-4071-9CB3-4C7184267D0E}.Release|Any CPU.Build.0 = Release|Any CPU
	EndGlobalSection
	GlobalSection(SolutionProperties) = preSolution
		HideSolutionNode = FALSE
	EndGlobalSection
	GlobalSection(ExtensibilityGlobals) = postSolution
		SolutionGuid = {685780E1-980F-4518-BAB8-7EC1A2FC8170}
	EndGlobalSection
EndGlobal
